# This file was autogenerated by Stack.
# You should not edit this file by hand.
# For more information, please see the documentation at:
#   https://docs.haskellstack.org/en/stable/lock_files

packages: []
snapshots:
- completed:
    sha256: 0be74c2dd964ab0e8887c1ece93b7c02e1cc2af11f5e3cc334300a5871e73917
    size: 640028
    url: https://raw.githubusercontent.com/commercialhaskell/stackage-snapshots/master/lts/21/8.yaml
  original: lts-21.8
